Microsoft Visual Studio Solution File, Format Version 11.00
# Visual Studio 2008

Project("{086B7952-2386-0338-36C6-32FE0338F745}") = "DoomsDayCare", "Assembly-CSharp.csproj", "{CBB20294-1B0D-C7FB-42DB-B92ECDA8F42F}"
EndProject
Global
	GlobalSection(SolutionConfigurationPlatforms) = preSolution
		Debug|Any CPU = Debug|Any CPU
		Release|Any CPU = Release|Any CPU
	EndGlobalSection
	GlobalSection(ProjectConfigurationPlatforms) = postSolution
		{CBB20294-1B0D-C7FB-42DB-B92ECDA8F42F}.Debug|Any CPU.ActiveCfg = Debug|Any CPU
		{CBB20294-1B0D-C7FB-42DB-B92ECDA8F42F}.Debug|Any CPU.Build.0 = Debug|Any CPU
		{CBB20294-1B0D-C7FB-42DB-B92ECDA8F42F}.Release|Any CPU.ActiveCfg = Release|Any CPU
		{CBB20294-1B0D-C7FB-42DB-B92ECDA8F42F}.Release|Any CPU.Build.0 = Release|Any CPU
	EndGlobalSection
	GlobalSection(SolutionProperties) = preSolution
		HideSolutionNode = FALSE
	EndGlobalSection
	GlobalSection(MonoDevelopProperties) = preSolution
		StartupItem = Assembly-CSharp.csproj
	EndGlobalSection
EndGlobal
