
Microsoft Visual Studio Solution File, Format Version 12.00
# Visual Studio 2015
Project("{FAE04EC0-301F-11D3-BF4B-00C04F79EFBC}") = "DoomsDayCare.CSharp", "DoomsDayCare.CSharp.csproj", "{24F2ADE4-1B90-79B2-24C0-1E6E137EB36E}"
EndProject
Global
	GlobalSection(SolutionConfigurationPlatforms) = preSolution
		Debug|Any CPU = Debug|Any CPU
		Release|Any CPU = Release|Any CPU
	EndGlobalSection
	GlobalSection(ProjectConfigurationPlatforms) = postSolution
		{24F2ADE4-1B90-79B2-24C0-1E6E137EB36E}.Debug|Any CPU.ActiveCfg = Debug|Any CPU
		{24F2ADE4-1B90-79B2-24C0-1E6E137EB36E}.Debug|Any CPU.Build.0 = Debug|Any CPU
		{24F2ADE4-1B90-79B2-24C0-1E6E137EB36E}.Release|Any CPU.ActiveCfg = Release|Any CPU
		{24F2ADE4-1B90-79B2-24C0-1E6E137EB36E}.Release|Any CPU.Build.0 = Release|Any CPU
	EndGlobalSection
	GlobalSection(SolutionProperties) = preSolution
		HideSolutionNode = FALSE
	EndGlobalSection
EndGlobal
